PODS:
  - AudioSettingKit (0.1.3):
    - Masonry
    - TXLiteAVSDK_Professional
  - Masonry (1.1.0)
  - TXLiteAVSDK_Professional (8.6.10094)

DEPENDENCIES:
  - AudioSettingKit (from `../`)

SPEC REPOS:
  trunk:
    - Masonry
    - TXLiteAVSDK_Professional

EXTERNAL SOURCES:
  AudioSettingKit:
    :path: "../"

SPEC CHECKSUMS:
  AudioSettingKit: 3124edc3a4a89280921414a5980a0869db4ba123
  Masonry: 678fab65091a9290e40e2832a55e7ab731aad201
  TXLiteAVSDK_Professional: e8284aa1f25d61b18a8a7fe7e24ce0cf9d01fd33

PODFILE CHECKSUM: 073a191d9126efb0557bae51488f856476ccd97b

COCOAPODS: 1.10.1
